
Microsoft Visual Studio Solution File, Format Version 12.00
# Visual Studio Version 16
VisualStudioVersion = 16.0.29609.76
MinimumVisualStudioVersion = 10.0.40219.1
Project("{FAE04EC0-301F-11D3-BF4B-00C04F79EFBC}") = "COMP1004 SPA", "COMP1004 SPA.csproj", "{BE9DE58E-FD45-48FC-8898-9573F83BAA29}"
EndProject
Global
	GlobalSection(SolutionConfigurationPlatforms) = preSolution
		Debug|Any CPU = Debug|Any CPU
		Release|Any CPU = Release|Any CPU
	EndGlobalSection
	GlobalSection(ProjectConfigurationPlatforms) = postSolution
		{BE9DE58E-FD45-48FC-8898-9573F83BAA29}.Debug|Any CPU.ActiveCfg = Debug|Any CPU
		{BE9DE58E-FD45-48FC-8898-9573F83BAA29}.Debug|Any CPU.Build.0 = Debug|Any CPU
		{BE9DE58E-FD45-48FC-8898-9573F83BAA29}.Release|Any CPU.ActiveCfg = Release|Any CPU
		{BE9DE58E-FD45-48FC-8898-9573F83BAA29}.Release|Any CPU.Build.0 = Release|Any CPU
	EndGlobalSection
	GlobalSection(SolutionProperties) = preSolution
		HideSolutionNode = FALSE
	EndGlobalSection
	GlobalSection(ExtensibilityGlobals) = postSolution
		SolutionGuid = {84791620-F0FF-49D8-8490-3FA260E781E6}
	EndGlobalSection
EndGlobal
